// !$*UTF8*$!
{
	archiveVersion = 1;
	classes = {
	};
	objectVersion = 50;
	objects = {

/* Begin PBXBuildFile section */
		BC22B6BE20D405BE0056D02D /* AppDelegate.swift in Sources */ = {isa = PBXBuildFile; fileRef = BC22B6BD20D405BE0056D02D /* AppDelegate.swift */; };
		BC22B6C020D405BE0056D02D /* ViewController.swift in Sources */ = {isa = PBXBuildFile; fileRef = BC22B6BF20D405BE0056D02D /* ViewController.swift */; };
		BC22B6C320D405BE0056D02D /* Main.storyboard in Resources */ = {isa = PBXBuildFile; fileRef = BC22B6C120D405BE0056D02D /* Main.storyboard */; };
		BC22B6C520D405C00056D02D /* Assets.xcassets in Resources */ = {isa = PBXBuildFile; fileRef = BC22B6C420D405C00056D02D /* Assets.xcassets */; };
		BC22B6C820D405C00056D02D /* LaunchScreen.storyboard in Resources */ = {isa = PBXBuildFile; fileRef = BC22B6C620D405C00056D02D /* LaunchScreen.storyboard */; };
		BC22B6D020D407080056D02D /* consoles.json in Resources */ = {isa = PBXBuildFile; fileRef = BC22B6CF20D407080056D02D /* consoles.json */; };
		BC22B6D220D407330056D02D /* Console.swift in Sources */ = {isa = PBXBuildFile; fileRef = BC22B6D120D407330056D02D /* Console.swift */; };
		BC22B6D420D408C20056D02D /* TableViewController.swift in Sources */ = {isa = PBXBuildFile; fileRef = BC22B6D320D408C20056D02D /* TableViewController.swift */; };
/* End PBXBuildFile section */

/* Begin PBXFileReference section */
		BC22B6BA20D405BE0056D02D /* Console5.app */ = {isa = PBXFileReference; explicitFileType = wrapper.application; includeInIndex = 0; path = Console5.app; sourceTree = BUILT_PRODUCTS_DIR; };
		BC22B6BD20D405BE0056D02D /* AppDelegate.swift */ = {isa = PBXFileReference; lastKnownFileType = sourcecode.swift; path = AppDelegate.swift; sourceTree = "<group>"; };
		BC22B6BF20D405BE0056D02D /* ViewController.swift */ = {isa = PBXFileReference; lastKnownFileType = sourcecode.swift; path = ViewController.swift; sourceTree = "<group>"; };
		BC22B6C220D405BE0056D02D /* Base */ = {isa = PBXFileReference; lastKnownFileType = file.storyboard; name = Base; path = Base.lproj/Main.storyboard; sourceTree = "<group>"; };
		BC22B6C420D405C00056D02D /* Assets.xcassets */ = {isa = PBXFileReference; lastKnownFileType = folder.assetcatalog; path = Assets.xcassets; sourceTree = "<group>"; };
		BC22B6C720D405C00056D02D /* Base */ = {isa = PBXFileReference; lastKnownFileType = file.storyboard; name = Base; path = Base.lproj/LaunchScreen.storyboard; sourceTree = "<group>"; };
		BC22B6C920D405C00056D02D /* Info.plist */ = {isa = PBXFileReference; lastKnownFileType = text.plist.xml; path = Info.plist; sourceTree = "<group>"; };
		BC22B6CF20D407080056D02D /* consoles.json */ = {isa = PBXFileReference; fileEncoding = 4; lastKnownFileType = text.json; path = consoles.json; sourceTree = "<group>"; };
		BC22B6D120D407330056D02D /* Console.swift */ = {isa = PBXFileReference; lastKnownFileType = sourcecode.swift; path = Console.swift; sourceTree = "<group>"; };
		BC22B6D320D408C20056D02D /* TableViewController.swift */ = {isa = PBXFileReference; lastKnownFileType = sourcecode.swift; path = TableViewController.swift; sourceTree = "<group>"; };
/* End PBXFileReference section */

/* Begin PBXFrameworksBuildPhase section */
		BC22B6B720D405BE0056D02D /* Frameworks */ = {
			isa = PBXFrameworksBuildPhase;
			buildActionMask = 2147483647;
			files = (
			);
			runOnlyForDeploymentPostprocessing = 0;
		};
/* End PBXFrameworksBuildPhase section */

/* Begin PBXGroup section */
		BC22B6B120D405BE0056D02D = {
			isa = PBXGroup;
			children = (
				BC22B6BC20D405BE0056D02D /* Console5 */,
				BC22B6BB20D405BE0056D02D /* Products */,
			);
			sourceTree = "<group>";
		};
		BC22B6BB20D405BE0056D02D /* Products */ = {
			isa = PBXGroup;
			children = (
				BC22B6BA20D405BE0056D02D /* Console5.app */,
			);
			name = Products;
			sourceTree = "<group>";
		};
		BC22B6BC20D405BE0056D02D /* Console5 */ = {
			isa = PBXGroup;
			children = (
				BC22B6BD20D405BE0056D02D /* AppDelegate.swift */,
				BC22B6CF20D407080056D02D /* consoles.json */,
				BC22B6BF20D405BE0056D02D /* ViewController.swift */,
				BC22B6C120D405BE0056D02D /* Main.storyboard */,
				BC22B6C420D405C00056D02D /* Assets.xcassets */,
				BC22B6C620D405C00056D02D /* LaunchScreen.storyboard */,
				BC22B6C920D405C00056D02D /* Info.plist */,
				BC22B6D120D407330056D02D /* Console.swift */,
				BC22B6D320D408C20056D02D /* TableViewController.swift */,
			);
			path = Console5;
			sourceTree = "<group>";
		};
/* End PBXGroup section */

/* Begin PBXNativeTarget section */
		BC22B6B920D405BE0056D02D /* Console5 */ = {
			isa = PBXNativeTarget;
			buildConfigurationList = BC22B6CC20D405C00056D02D /* Build configuration list for PBXNativeTarget "Console5" */;
			buildPhases = (
				BC22B6B620D405BE0056D02D /* Sources */,
				BC22B6B720D405BE0056D02D /* Frameworks */,
				BC22B6B820D405BE0056D02D /* Resources */,
			);
			buildRules = (
			);
			dependencies = (
			);
			name = Console5;
			productName = Console5;
			productReference = BC22B6BA20D405BE0056D02D /* Console5.app */;
			productType = "com.apple.product-type.application";
		};
/* End PBXNativeTarget section */

/* Begin PBXProject section */
		BC22B6B220D405BE0056D02D /* Project object */ = {
			isa = PBXProject;
			attributes = {
				LastSwiftUpdateCheck = 0940;
				LastUpgradeCheck = 0940;
				ORGANIZATIONNAME = FIAP;
				TargetAttributes = {
					BC22B6B920D405BE0056D02D = {
						CreatedOnToolsVersion = 9.4;
					};
				};
			};
			buildConfigurationList = BC22B6B520D405BE0056D02D /* Build configuration list for PBXProject "Console5" */;
			compatibilityVersion = "Xcode 9.3";
			developmentRegion = en;
			hasScannedForEncodings = 0;
			knownRegions = (
				en,
				Base,
			);
			mainGroup = BC22B6B120D405BE0056D02D;
			productRefGroup = BC22B6BB20D405BE0056D02D /* Products */;
			projectDirPath = "";
			projectRoot = "";
			targets = (
				BC22B6B920D405BE0056D02D /* Console5 */,
			);
		};
/* End PBXProject section */

/* Begin PBXResourcesBuildPhase section */
		BC22B6B820D405BE0056D02D /* Resources */ = {
			isa = PBXResourcesBuildPhase;
			buildActionMask = 2147483647;
			files = (
				BC22B6C820D405C00056D02D /* LaunchScreen.storyboard in Resources */,
				BC22B6C520D405C00056D02D /* Assets.xcassets in Resources */,
				BC22B6C320D405BE0056D02D /* Main.storyboard in Resources */,
				BC22B6D020D407080056D02D /* consoles.json in Resources */,
			);
			runOnlyForDeploymentPostprocessing = 0;
		};
/* End PBXResourcesBuildPhase section */

/* Begin PBXSourcesBuildPhase section */
		BC22B6B620D405BE0056D02D /* Sources */ = {
			isa = PBXSourcesBuildPhase;
			buildActionMask = 2147483647;
			files = (
				BC22B6C020D405BE0056D02D /* ViewController.swift in Sources */,
				BC22B6D220D407330056D02D /* Console.swift in Sources */,
				BC22B6BE20D405BE0056D02D /* AppDelegate.swift in Sources */,
				BC22B6D420D408C20056D02D /* TableViewController.swift in Sources */,
			);
			runOnlyForDeploymentPostprocessing = 0;
		};
/* End PBXSourcesBuildPhase section */

/* Begin PBXVariantGroup section */
		BC22B6C120D405BE0056D02D /* Main.storyboard */ = {
			isa = PBXVariantGroup;
			children = (
				BC22B6C220D405BE0056D02D /* Base */,
			);
			name = Main.storyboard;
			sourceTree = "<group>";
		};
		BC22B6C620D405C00056D02D /* LaunchScreen.storyboard */ = {
			isa = PBXVariantGroup;
			children = (
				BC22B6C720D405C00056D02D /* Base */,
			);
			name = LaunchScreen.storyboard;
			sourceTree = "<group>";
		};
/* End PBXVariantGroup section */

/* Begin XCBuildConfiguration section */
		BC22B6CA20D405C00056D02D /* Debug */ = {
			isa = XCBuildConfiguration;
			buildSettings = {
				ALWAYS_SEARCH_USER_PATHS = NO;
				CLANG_ANALYZER_NONNULL = YES;
				CLANG_ANALYZER_NUMBER_OBJECT_CONVERSION = YES_AGGRESSIVE;
				CLANG_CXX_LANGUAGE_STANDARD = "gnu++14";
				CLANG_CXX_LIBRARY = "libc++";
				CLANG_ENABLE_MODULES = YES;
				CLANG_ENABLE_OBJC_ARC = YES;
				CLANG_ENABLE_OBJC_WEAK = YES;
				CLANG_WARN_BLOCK_CAPTURE_AUTORELEASING = YES;
				CLANG_WARN_BOOL_CONVERSION = YES;
				CLANG_WARN_COMMA = YES;
				CLANG_WARN_CONSTANT_CONVERSION = YES;
				CLANG_WARN_DEPRECATED_OBJC_IMPLEMENTATIONS = YES;
				CLANG_WARN_DIRECT_OBJC_ISA_USAGE = YES_ERROR;
				CLANG_WARN_DOCUMENTATION_COMMENTS = YES;
				CLANG_WARN_EMPTY_BODY = YES;
				CLANG_WARN_ENUM_CONVERSION = YES;
				CLANG_WARN_INFINITE_RECURSION = YES;
				CLANG_WARN_INT_CONVERSION = YES;
				CLANG_WARN_NON_LITERAL_NULL_CONVERSION = YES;
				CLANG_WARN_OBJC_IMPLICIT_RETAIN_SELF = YES;
				CLANG_WARN_OBJC_LITERAL_CONVERSION = YES;
				CLANG_WARN_OBJC_ROOT_CLASS = YES_ERROR;
				CLANG_WARN_RANGE_LOOP_ANALYSIS = YES;
				CLANG_WARN_STRICT_PROTOTYPES = YES;
				CLANG_WARN_SUSPICIOUS_MOVE = YES;
				CLANG_WARN_UNGUARDED_AVAILABILITY = YES_AGGRESSIVE;
				CLANG_WARN_UNREACHABLE_CODE = YES;
				CLANG_WARN__DUPLICATE_METHOD_MATCH = YES;
				CODE_SIGN_IDENTITY = "iPhone Developer";
				COPY_PHASE_STRIP = NO;
				DEBUG_INFORMATION_FORMAT = dwarf;
				ENABLE_STRICT_OBJC_MSGSEND = YES;
				ENABLE_TESTABILITY = YES;
				GCC_C_LANGUAGE_STANDARD = gnu11;
				GCC_DYNAMIC_NO_PIC = NO;
				GCC_NO_COMMON_BLOCKS = YES;
				GCC_OPTIMIZATION_LEVEL = 0;
				GCC_PREPROCESSOR_DEFINITIONS = (
					"DEBUG=1",
					"$(inherited)",
				);
				GCC_WARN_64_TO_32_BIT_CONVERSION = YES;
				GCC_WARN_ABOUT_RETURN_TYPE = YES_ERROR;
				GCC_WARN_UNDECLARED_SELECTOR = YES;
				GCC_WARN_UNINITIALIZED_AUTOS = YES_AGGRESSIVE;
				GCC_WARN_UNUSED_FUNCTION = YES;
				GCC_WARN_UNUSED_VARIABLE = YES;
				IPHONEOS_DEPLOYMENT_TARGET = 11.4;
				MTL_ENABLE_DEBUG_INFO = YES;
				ONLY_ACTIVE_ARCH = YES;
				SDKROOT = iphoneos;
				SWIFT_ACTIVE_COMPILATION_CONDITIONS = DEBUG;
				SWIFT_OPTIMIZATION_LEVEL = "-Onone";
			};
			name = Debug;
		};
		BC22B6CB20D405C00056D02D /* Release */ = {
			isa = XCBuildConfiguration;
			buildSettings = {
				ALWAYS_SEARCH_USER_PATHS = NO;
				CLANG_ANALYZER_NONNULL = YES;
				CLANG_ANALYZER_NUMBER_OBJECT_CONVERSION = YES_AGGRESSIVE;
				CLANG_CXX_LANGUAGE_STANDARD = "gnu++14";
				CLANG_CXX_LIBRARY = "libc++";
				CLANG_ENABLE_MODULES = YES;
				CLANG_ENABLE_OBJC_ARC = YES;
				CLANG_ENABLE_OBJC_WEAK = YES;
				CLANG_WARN_BLOCK_CAPTURE_AUTORELEASING = YES;
				CLANG_WARN_BOOL_CONVERSION = YES;
				CLANG_WARN_COMMA = YES;
				CLANG_WARN_CONSTANT_CONVERSION = YES;
				CLANG_WARN_DEPRECATED_OBJC_IMPLEMENTATIONS = YES;
				CLANG_WARN_DIRECT_OBJC_ISA_USAGE = YES_ERROR;
				CLANG_WARN_DOCUMENTATION_COMMENTS = YES;
				CLANG_WARN_EMPTY_BODY = YES;
				CLANG_WARN_ENUM_CONVERSION = YES;
				CLANG_WARN_INFINITE_RECURSION = YES;
				CLANG_WARN_INT_CONVERSION = YES;
				CLANG_WARN_NON_LITERAL_NULL_CONVERSION = YES;
				CLANG_WARN_OBJC_IMPLICIT_RETAIN_SELF = YES;
				CLANG_WARN_OBJC_LITERAL_CONVERSION = YES;
				CLANG_WARN_OBJC_ROOT_CLASS = YES_ERROR;
				CLANG_WARN_RANGE_LOOP_ANALYSIS = YES;
				CLANG_WARN_STRICT_PROTOTYPES = YES;
				CLANG_WARN_SUSPICIOUS_MOVE = YES;
				CLANG_WARN_UNGUARDED_AVAILABILITY = YES_AGGRESSIVE;
				CLANG_WARN_UNREACHABLE_CODE = YES;
				CLANG_WARN__DUPLICATE_METHOD_MATCH = YES;
				CODE_SIGN_IDENTITY = "iPhone Developer";
				COPY_PHASE_STRIP = NO;
				DEBUG_INFORMATION_FORMAT = "dwarf-with-dsym";
				ENABLE_NS_ASSERTIONS = NO;
				ENABLE_STRICT_OBJC_MSGSEND = YES;
				GCC_C_LANGUAGE_STANDARD = gnu11;
				GCC_NO_COMMON_BLOCKS = YES;
				GCC_WARN_64_TO_32_BIT_CONVERSION = YES;
				GCC_WARN_ABOUT_RETURN_TYPE = YES_ERROR;
				GCC_WARN_UNDECLARED_SELECTOR = YES;
				GCC_WARN_UNINITIALIZED_AUTOS = YES_AGGRESSIVE;
				GCC_WARN_UNUSED_FUNCTION = YES;
				GCC_WARN_UNUSED_VARIABLE = YES;
				IPHONEOS_DEPLOYMENT_TARGET = 11.4;
				MTL_ENABLE_DEBUG_INFO = NO;
				SDKROOT = iphoneos;
				SWIFT_COMPILATION_MODE = wholemodule;
				SWIFT_OPTIMIZATION_LEVEL = "-O";
				VALIDATE_PRODUCT = YES;
			};
			name = Release;
		};
		BC22B6CD20D405C00056D02D /* Debug */ = {
			isa = XCBuildConfiguration;
			buildSettings = {
				ASSETCATALOG_COMPILER_APPICON_NAME = AppIcon;
				CODE_SIGN_STYLE = Automatic;
				INFOPLIST_FILE = Console5/Info.plist;
				LD_RUNPATH_SEARCH_PATHS = (
					"$(inherited)",
					"@executable_path/Frameworks",
				);
				PRODUCT_BUNDLE_IDENTIFIER = br.com.fiap.Console5;
				PRODUCT_NAME = "$(TARGET_NAME)";
				SWIFT_VERSION = 4.0;
				TARGETED_DEVICE_FAMILY = "1,2";
			};
			name = Debug;
		};
		BC22B6CE20D405C00056D02D /* Release */ = {
			isa = XCBuildConfiguration;
			buildSettings = {
				ASSETCATALOG_COMPILER_APPICON_NAME = AppIcon;
				CODE_SIGN_STYLE = Automatic;
				INFOPLIST_FILE = Console5/Info.plist;
				LD_RUNPATH_SEARCH_PATHS = (
					"$(inherited)",
					"@executable_path/Frameworks",
				);
				PRODUCT_BUNDLE_IDENTIFIER = br.com.fiap.Console5;
				PRODUCT_NAME = "$(TARGET_NAME)";
				SWIFT_VERSION = 4.0;
				TARGETED_DEVICE_FAMILY = "1,2";
			};
			name = Release;
		};
/* End XCBuildConfiguration section */

/* Begin XCConfigurationList section */
		BC22B6B520D405BE0056D02D /* Build configuration list for PBXProject "Console5" */ = {
			isa = XCConfigurationList;
			buildConfigurations = (
				BC22B6CA20D405C00056D02D /* Debug */,
				BC22B6CB20D405C00056D02D /* Release */,
			);
			defaultConfigurationIsVisible = 0;
			defaultConfigurationName = Release;
		};
		BC22B6CC20D405C00056D02D /* Build configuration list for PBXNativeTarget "Console5" */ = {
			isa = XCConfigurationList;
			buildConfigurations = (
				BC22B6CD20D405C00056D02D /* Debug */,
				BC22B6CE20D405C00056D02D /* Release */,
			);
			defaultConfigurationIsVisible = 0;
			defaultConfigurationName = Release;
		};
/* End XCConfigurationList section */
	};
	rootObject = BC22B6B220D405BE0056D02D /* Project object */;
}
