// !$*UTF8*$!
{
	archiveVersion = 1;
	classes = {
	};
	objectVersion = 50;
	objects = {

/* Begin PBXBuildFile section */
		BCD3F637209CE74800B265EF /* AppDelegate.swift in Sources */ = {isa = PBXBuildFile; fileRef = BCD3F636209CE74800B265EF /* AppDelegate.swift */; };
		BCD3F639209CE74800B265EF /* ViewController.swift in Sources */ = {isa = PBXBuildFile; fileRef = BCD3F638209CE74800B265EF /* ViewController.swift */; };
		BCD3F63C209CE74800B265EF /* Main.storyboard in Resources */ = {isa = PBXBuildFile; fileRef = BCD3F63A209CE74800B265EF /* Main.storyboard */; };
		BCD3F63E209CE74900B265EF /* Assets.xcassets in Resources */ = {isa = PBXBuildFile; fileRef = BCD3F63D209CE74900B265EF /* Assets.xcassets */; };
		BCD3F641209CE74900B265EF /* LaunchScreen.storyboard in Resources */ = {isa = PBXBuildFile; fileRef = BCD3F63F209CE74900B265EF /* LaunchScreen.storyboard */; };
		BCD3F649209CEEB600B265EF /* SecundViewController.swift in Sources */ = {isa = PBXBuildFile; fileRef = BCD3F648209CEEB600B265EF /* SecundViewController.swift */; };
/* End PBXBuildFile section */

/* Begin PBXFileReference section */
		BCD3F633209CE74800B265EF /* Revisao NAC2 Project3.app */ = {isa = PBXFileReference; explicitFileType = wrapper.application; includeInIndex = 0; path = "Revisao NAC2 Project3.app"; sourceTree = BUILT_PRODUCTS_DIR; };
		BCD3F636209CE74800B265EF /* AppDelegate.swift */ = {isa = PBXFileReference; lastKnownFileType = sourcecode.swift; path = AppDelegate.swift; sourceTree = "<group>"; };
		BCD3F638209CE74800B265EF /* ViewController.swift */ = {isa = PBXFileReference; lastKnownFileType = sourcecode.swift; path = ViewController.swift; sourceTree = "<group>"; };
		BCD3F63B209CE74800B265EF /* Base */ = {isa = PBXFileReference; lastKnownFileType = file.storyboard; name = Base; path = Base.lproj/Main.storyboard; sourceTree = "<group>"; };
		BCD3F63D209CE74900B265EF /* Assets.xcassets */ = {isa = PBXFileReference; lastKnownFileType = folder.assetcatalog; path = Assets.xcassets; sourceTree = "<group>"; };
		BCD3F640209CE74900B265EF /* Base */ = {isa = PBXFileReference; lastKnownFileType = file.storyboard; name = Base; path = Base.lproj/LaunchScreen.storyboard; sourceTree = "<group>"; };
		BCD3F642209CE74900B265EF /* Info.plist */ = {isa = PBXFileReference; lastKnownFileType = text.plist.xml; path = Info.plist; sourceTree = "<group>"; };
		BCD3F648209CEEB600B265EF /* SecundViewController.swift */ = {isa = PBXFileReference; lastKnownFileType = sourcecode.swift; path = SecundViewController.swift; sourceTree = "<group>"; };
/* End PBXFileReference section */

/* Begin PBXFrameworksBuildPhase section */
		BCD3F630209CE74800B265EF /* Frameworks */ = {
			isa = PBXFrameworksBuildPhase;
			buildActionMask = 2147483647;
			files = (
			);
			runOnlyForDeploymentPostprocessing = 0;
		};
/* End PBXFrameworksBuildPhase section */

/* Begin PBXGroup section */
		BCD3F62A209CE74800B265EF = {
			isa = PBXGroup;
			children = (
				BCD3F635209CE74800B265EF /* Revisao NAC2 Project3 */,
				BCD3F634209CE74800B265EF /* Products */,
			);
			sourceTree = "<group>";
		};
		BCD3F634209CE74800B265EF /* Products */ = {
			isa = PBXGroup;
			children = (
				BCD3F633209CE74800B265EF /* Revisao NAC2 Project3.app */,
			);
			name = Products;
			sourceTree = "<group>";
		};
		BCD3F635209CE74800B265EF /* Revisao NAC2 Project3 */ = {
			isa = PBXGroup;
			children = (
				BCD3F636209CE74800B265EF /* AppDelegate.swift */,
				BCD3F638209CE74800B265EF /* ViewController.swift */,
				BCD3F63A209CE74800B265EF /* Main.storyboard */,
				BCD3F648209CEEB600B265EF /* SecundViewController.swift */,
				BCD3F63D209CE74900B265EF /* Assets.xcassets */,
				BCD3F63F209CE74900B265EF /* LaunchScreen.storyboard */,
				BCD3F642209CE74900B265EF /* Info.plist */,
			);
			path = "Revisao NAC2 Project3";
			sourceTree = "<group>";
		};
/* End PBXGroup section */

/* Begin PBXNativeTarget section */
		BCD3F632209CE74800B265EF /* Revisao NAC2 Project3 */ = {
			isa = PBXNativeTarget;
			buildConfigurationList = BCD3F645209CE74900B265EF /* Build configuration list for PBXNativeTarget "Revisao NAC2 Project3" */;
			buildPhases = (
				BCD3F62F209CE74800B265EF /* Sources */,
				BCD3F630209CE74800B265EF /* Frameworks */,
				BCD3F631209CE74800B265EF /* Resources */,
			);
			buildRules = (
			);
			dependencies = (
			);
			name = "Revisao NAC2 Project3";
			productName = "Revisao NAC2 Project3";
			productReference = BCD3F633209CE74800B265EF /* Revisao NAC2 Project3.app */;
			productType = "com.apple.product-type.application";
		};
/* End PBXNativeTarget section */

/* Begin PBXProject section */
		BCD3F62B209CE74800B265EF /* Project object */ = {
			isa = PBXProject;
			attributes = {
				LastSwiftUpdateCheck = 0930;
				LastUpgradeCheck = 0930;
				ORGANIZATIONNAME = FIAP;
				TargetAttributes = {
					BCD3F632209CE74800B265EF = {
						CreatedOnToolsVersion = 9.3;
					};
				};
			};
			buildConfigurationList = BCD3F62E209CE74800B265EF /* Build configuration list for PBXProject "Revisao NAC2 Project3" */;
			compatibilityVersion = "Xcode 9.3";
			developmentRegion = en;
			hasScannedForEncodings = 0;
			knownRegions = (
				en,
				Base,
			);
			mainGroup = BCD3F62A209CE74800B265EF;
			productRefGroup = BCD3F634209CE74800B265EF /* Products */;
			projectDirPath = "";
			projectRoot = "";
			targets = (
				BCD3F632209CE74800B265EF /* Revisao NAC2 Project3 */,
			);
		};
/* End PBXProject section */

/* Begin PBXResourcesBuildPhase section */
		BCD3F631209CE74800B265EF /* Resources */ = {
			isa = PBXResourcesBuildPhase;
			buildActionMask = 2147483647;
			files = (
				BCD3F641209CE74900B265EF /* LaunchScreen.storyboard in Resources */,
				BCD3F63E209CE74900B265EF /* Assets.xcassets in Resources */,
				BCD3F63C209CE74800B265EF /* Main.storyboard in Resources */,
			);
			runOnlyForDeploymentPostprocessing = 0;
		};
/* End PBXResourcesBuildPhase section */

/* Begin PBXSourcesBuildPhase section */
		BCD3F62F209CE74800B265EF /* Sources */ = {
			isa = PBXSourcesBuildPhase;
			buildActionMask = 2147483647;
			files = (
				BCD3F639209CE74800B265EF /* ViewController.swift in Sources */,
				BCD3F649209CEEB600B265EF /* SecundViewController.swift in Sources */,
				BCD3F637209CE74800B265EF /* AppDelegate.swift in Sources */,
			);
			runOnlyForDeploymentPostprocessing = 0;
		};
/* End PBXSourcesBuildPhase section */

/* Begin PBXVariantGroup section */
		BCD3F63A209CE74800B265EF /* Main.storyboard */ = {
			isa = PBXVariantGroup;
			children = (
				BCD3F63B209CE74800B265EF /* Base */,
			);
			name = Main.storyboard;
			sourceTree = "<group>";
		};
		BCD3F63F209CE74900B265EF /* LaunchScreen.storyboard */ = {
			isa = PBXVariantGroup;
			children = (
				BCD3F640209CE74900B265EF /* Base */,
			);
			name = LaunchScreen.storyboard;
			sourceTree = "<group>";
		};
/* End PBXVariantGroup section */

/* Begin XCBuildConfiguration section */
		BCD3F643209CE74900B265EF /* Debug */ = {
			isa = XCBuildConfiguration;
			buildSettings = {
				ALWAYS_SEARCH_USER_PATHS = NO;
				CLANG_ANALYZER_NONNULL = YES;
				CLANG_ANALYZER_NUMBER_OBJECT_CONVERSION = YES_AGGRESSIVE;
				CLANG_CXX_LANGUAGE_STANDARD = "gnu++14";
				CLANG_CXX_LIBRARY = "libc++";
				CLANG_ENABLE_MODULES = YES;
				CLANG_ENABLE_OBJC_ARC = YES;
				CLANG_ENABLE_OBJC_WEAK = YES;
				CLANG_WARN_BLOCK_CAPTURE_AUTORELEASING = YES;
				CLANG_WARN_BOOL_CONVERSION = YES;
				CLANG_WARN_COMMA = YES;
				CLANG_WARN_CONSTANT_CONVERSION = YES;
				CLANG_WARN_DEPRECATED_OBJC_IMPLEMENTATIONS = YES;
				CLANG_WARN_DIRECT_OBJC_ISA_USAGE = YES_ERROR;
				CLANG_WARN_DOCUMENTATION_COMMENTS = YES;
				CLANG_WARN_EMPTY_BODY = YES;
				CLANG_WARN_ENUM_CONVERSION = YES;
				CLANG_WARN_INFINITE_RECURSION = YES;
				CLANG_WARN_INT_CONVERSION = YES;
				CLANG_WARN_NON_LITERAL_NULL_CONVERSION = YES;
				CLANG_WARN_OBJC_IMPLICIT_RETAIN_SELF = YES;
				CLANG_WARN_OBJC_LITERAL_CONVERSION = YES;
				CLANG_WARN_OBJC_ROOT_CLASS = YES_ERROR;
				CLANG_WARN_RANGE_LOOP_ANALYSIS = YES;
				CLANG_WARN_STRICT_PROTOTYPES = YES;
				CLANG_WARN_SUSPICIOUS_MOVE = YES;
				CLANG_WARN_UNGUARDED_AVAILABILITY = YES_AGGRESSIVE;
				CLANG_WARN_UNREACHABLE_CODE = YES;
				CLANG_WARN__DUPLICATE_METHOD_MATCH = YES;
				CODE_SIGN_IDENTITY = "iPhone Developer";
				COPY_PHASE_STRIP = NO;
				DEBUG_INFORMATION_FORMAT = dwarf;
				ENABLE_STRICT_OBJC_MSGSEND = YES;
				ENABLE_TESTABILITY = YES;
				GCC_C_LANGUAGE_STANDARD = gnu11;
				GCC_DYNAMIC_NO_PIC = NO;
				GCC_NO_COMMON_BLOCKS = YES;
				GCC_OPTIMIZATION_LEVEL = 0;
				GCC_PREPROCESSOR_DEFINITIONS = (
					"DEBUG=1",
					"$(inherited)",
				);
				GCC_WARN_64_TO_32_BIT_CONVERSION = YES;
				GCC_WARN_ABOUT_RETURN_TYPE = YES_ERROR;
				GCC_WARN_UNDECLARED_SELECTOR = YES;
				GCC_WARN_UNINITIALIZED_AUTOS = YES_AGGRESSIVE;
				GCC_WARN_UNUSED_FUNCTION = YES;
				GCC_WARN_UNUSED_VARIABLE = YES;
				IPHONEOS_DEPLOYMENT_TARGET = 11.3;
				MTL_ENABLE_DEBUG_INFO = YES;
				ONLY_ACTIVE_ARCH = YES;
				SDKROOT = iphoneos;
				SWIFT_ACTIVE_COMPILATION_CONDITIONS = DEBUG;
				SWIFT_OPTIMIZATION_LEVEL = "-Onone";
			};
			name = Debug;
		};
		BCD3F644209CE74900B265EF /* Release */ = {
			isa = XCBuildConfiguration;
			buildSettings = {
				ALWAYS_SEARCH_USER_PATHS = NO;
				CLANG_ANALYZER_NONNULL = YES;
				CLANG_ANALYZER_NUMBER_OBJECT_CONVERSION = YES_AGGRESSIVE;
				CLANG_CXX_LANGUAGE_STANDARD = "gnu++14";
				CLANG_CXX_LIBRARY = "libc++";
				CLANG_ENABLE_MODULES = YES;
				CLANG_ENABLE_OBJC_ARC = YES;
				CLANG_ENABLE_OBJC_WEAK = YES;
				CLANG_WARN_BLOCK_CAPTURE_AUTORELEASING = YES;
				CLANG_WARN_BOOL_CONVERSION = YES;
				CLANG_WARN_COMMA = YES;
				CLANG_WARN_CONSTANT_CONVERSION = YES;
				CLANG_WARN_DEPRECATED_OBJC_IMPLEMENTATIONS = YES;
				CLANG_WARN_DIRECT_OBJC_ISA_USAGE = YES_ERROR;
				CLANG_WARN_DOCUMENTATION_COMMENTS = YES;
				CLANG_WARN_EMPTY_BODY = YES;
				CLANG_WARN_ENUM_CONVERSION = YES;
				CLANG_WARN_INFINITE_RECURSION = YES;
				CLANG_WARN_INT_CONVERSION = YES;
				CLANG_WARN_NON_LITERAL_NULL_CONVERSION = YES;
				CLANG_WARN_OBJC_IMPLICIT_RETAIN_SELF = YES;
				CLANG_WARN_OBJC_LITERAL_CONVERSION = YES;
				CLANG_WARN_OBJC_ROOT_CLASS = YES_ERROR;
				CLANG_WARN_RANGE_LOOP_ANALYSIS = YES;
				CLANG_WARN_STRICT_PROTOTYPES = YES;
				CLANG_WARN_SUSPICIOUS_MOVE = YES;
				CLANG_WARN_UNGUARDED_AVAILABILITY = YES_AGGRESSIVE;
				CLANG_WARN_UNREACHABLE_CODE = YES;
				CLANG_WARN__DUPLICATE_METHOD_MATCH = YES;
				CODE_SIGN_IDENTITY = "iPhone Developer";
				COPY_PHASE_STRIP = NO;
				DEBUG_INFORMATION_FORMAT = "dwarf-with-dsym";
				ENABLE_NS_ASSERTIONS = NO;
				ENABLE_STRICT_OBJC_MSGSEND = YES;
				GCC_C_LANGUAGE_STANDARD = gnu11;
				GCC_NO_COMMON_BLOCKS = YES;
				GCC_WARN_64_TO_32_BIT_CONVERSION = YES;
				GCC_WARN_ABOUT_RETURN_TYPE = YES_ERROR;
				GCC_WARN_UNDECLARED_SELECTOR = YES;
				GCC_WARN_UNINITIALIZED_AUTOS = YES_AGGRESSIVE;
				GCC_WARN_UNUSED_FUNCTION = YES;
				GCC_WARN_UNUSED_VARIABLE = YES;
				IPHONEOS_DEPLOYMENT_TARGET = 11.3;
				MTL_ENABLE_DEBUG_INFO = NO;
				SDKROOT = iphoneos;
				SWIFT_COMPILATION_MODE = wholemodule;
				SWIFT_OPTIMIZATION_LEVEL = "-O";
				VALIDATE_PRODUCT = YES;
			};
			name = Release;
		};
		BCD3F646209CE74900B265EF /* Debug */ = {
			isa = XCBuildConfiguration;
			buildSettings = {
				ASSETCATALOG_COMPILER_APPICON_NAME = AppIcon;
				CODE_SIGN_STYLE = Automatic;
				INFOPLIST_FILE = "Revisao NAC2 Project3/Info.plist";
				LD_RUNPATH_SEARCH_PATHS = (
					"$(inherited)",
					"@executable_path/Frameworks",
				);
				PRODUCT_BUNDLE_IDENTIFIER = "br.com.fiap.Revisao-NAC2-Project3";
				PRODUCT_NAME = "$(TARGET_NAME)";
				SWIFT_VERSION = 4.0;
				TARGETED_DEVICE_FAMILY = "1,2";
			};
			name = Debug;
		};
		BCD3F647209CE74900B265EF /* Release */ = {
			isa = XCBuildConfiguration;
			buildSettings = {
				ASSETCATALOG_COMPILER_APPICON_NAME = AppIcon;
				CODE_SIGN_STYLE = Automatic;
				INFOPLIST_FILE = "Revisao NAC2 Project3/Info.plist";
				LD_RUNPATH_SEARCH_PATHS = (
					"$(inherited)",
					"@executable_path/Frameworks",
				);
				PRODUCT_BUNDLE_IDENTIFIER = "br.com.fiap.Revisao-NAC2-Project3";
				PRODUCT_NAME = "$(TARGET_NAME)";
				SWIFT_VERSION = 4.0;
				TARGETED_DEVICE_FAMILY = "1,2";
			};
			name = Release;
		};
/* End XCBuildConfiguration section */

/* Begin XCConfigurationList section */
		BCD3F62E209CE74800B265EF /* Build configuration list for PBXProject "Revisao NAC2 Project3" */ = {
			isa = XCConfigurationList;
			buildConfigurations = (
				BCD3F643209CE74900B265EF /* Debug */,
				BCD3F644209CE74900B265EF /* Release */,
			);
			defaultConfigurationIsVisible = 0;
			defaultConfigurationName = Release;
		};
		BCD3F645209CE74900B265EF /* Build configuration list for PBXNativeTarget "Revisao NAC2 Project3" */ = {
			isa = XCConfigurationList;
			buildConfigurations = (
				BCD3F646209CE74900B265EF /* Debug */,
				BCD3F647209CE74900B265EF /* Release */,
			);
			defaultConfigurationIsVisible = 0;
			defaultConfigurationName = Release;
		};
/* End XCConfigurationList section */
	};
	rootObject = BCD3F62B209CE74800B265EF /* Project object */;
}
